
Microsoft Visual Studio Solution File, Format Version 12.00
# Visual Studio Version 17
VisualStudioVersion = 17.13.35828.75
MinimumVisualStudioVersion = 10.0.40219.1
Project("{FAE04EC0-301F-11D3-BF4B-00C04F79EFBC}") = "LyachovNeuroLab2", "Zubareva_221-327_lab2_neuro\LyachovNeuroLab2.csproj", "{7CB10E0C-AD86-4AA9-BE8C-429F87250E96}"
EndProject
Global
	GlobalSection(SolutionConfigurationPlatforms) = preSolution
		Debug|Any CPU = Debug|Any CPU
		Release|Any CPU = Release|Any CPU
	EndGlobalSection
	GlobalSection(ProjectConfigurationPlatforms) = postSolution
		{7CB10E0C-AD86-4AA9-BE8C-429F87250E96}.Debug|Any CPU.ActiveCfg = Debug|Any CPU
		{7CB10E0C-AD86-4AA9-BE8C-429F87250E96}.Debug|Any CPU.Build.0 = Debug|Any CPU
		{7CB10E0C-AD86-4AA9-BE8C-429F87250E96}.Release|Any CPU.ActiveCfg = Release|Any CPU
		{7CB10E0C-AD86-4AA9-BE8C-429F87250E96}.Release|Any CPU.Build.0 = Release|Any CPU
	EndGlobalSection
	GlobalSection(SolutionProperties) = preSolution
		HideSolutionNode = FALSE
	EndGlobalSection
	GlobalSection(ExtensibilityGlobals) = postSolution
		SolutionGuid = {F8E9592B-4452-4380-A8A1-D7A8AEA6E6DE}
	EndGlobalSection
EndGlobal
